
Microsoft Visual Studio Solution File, Format Version 12.00
# Visual Studio Version 17
VisualStudioVersion = 17.10.35013.160
MinimumVisualStudioVersion = 10.0.40219.1
Project("{2150E333-8FDC-42A3-9474-1A3956D46DE8}") = "Services", "Services", "{119000BA-5D22-4073-9AD5-38C29EF2F014}"
EndProject
Project("{2150E333-8FDC-42A3-9474-1A3956D46DE8}") = "Catalog", "Catalog", "{E6497574-D886-4438-9FE9-DBDA0D76955D}"
EndProject
Project("{9A19103F-16F7-4668-BE54-9A1E7A4F7556}") = "Catalog.API", "Services\Catalog\Catalog.API\Catalog.API.csproj", "{CDA11B4E-836B-4D10-B7BC-627909733A66}"
EndProject
Project("{2150E333-8FDC-42A3-9474-1A3956D46DE8}") = "BuildingBlocks", "BuildingBlocks", "{1E3A7C37-5B56-4E27-BED7-98CC78318358}"
EndProject
Project("{FAE04EC0-301F-11D3-BF4B-00C04F79EFBC}") = "BuildingBlocks", "BuildingBlocks\BuildingBlocks\BuildingBlocks.csproj", "{6C92BCB2-C323-4AA0-9183-94AF04CFCFC0}"
EndProject
Global
	GlobalSection(SolutionConfigurationPlatforms) = preSolution
		Debug|Any CPU = Debug|Any CPU
		Release|Any CPU = Release|Any CPU
	EndGlobalSection
	GlobalSection(ProjectConfigurationPlatforms) = postSolution
		{CDA11B4E-836B-4D10-B7BC-627909733A66}.Debug|Any CPU.ActiveCfg = Debug|Any CPU
		{CDA11B4E-836B-4D10-B7BC-627909733A66}.Debug|Any CPU.Build.0 = Debug|Any CPU
		{CDA11B4E-836B-4D10-B7BC-627909733A66}.Release|Any CPU.ActiveCfg = Release|Any CPU
		{CDA11B4E-836B-4D10-B7BC-627909733A66}.Release|Any CPU.Build.0 = Release|Any CPU
		{6C92BCB2-C323-4AA0-9183-94AF04CFCFC0}.Debug|Any CPU.ActiveCfg = Debug|Any CPU
		{6C92BCB2-C323-4AA0-9183-94AF04CFCFC0}.Debug|Any CPU.Build.0 = Debug|Any CPU
		{6C92BCB2-C323-4AA0-9183-94AF04CFCFC0}.Release|Any CPU.ActiveCfg = Release|Any CPU
		{6C92BCB2-C323-4AA0-9183-94AF04CFCFC0}.Release|Any CPU.Build.0 = Release|Any CPU
	EndGlobalSection
	GlobalSection(SolutionProperties) = preSolution
		HideSolutionNode = FALSE
	EndGlobalSection
	GlobalSection(NestedProjects) = preSolution
		{E6497574-D886-4438-9FE9-DBDA0D76955D} = {119000BA-5D22-4073-9AD5-38C29EF2F014}
		{CDA11B4E-836B-4D10-B7BC-627909733A66} = {E6497574-D886-4438-9FE9-DBDA0D76955D}
		{6C92BCB2-C323-4AA0-9183-94AF04CFCFC0} = {1E3A7C37-5B56-4E27-BED7-98CC78318358}
	EndGlobalSection
	GlobalSection(ExtensibilityGlobals) = postSolution
		SolutionGuid = {B382A43D-D194-4B2B-9D0A-8F6200B13703}
	EndGlobalSection
EndGlobal
